
Microsoft Visual Studio Solution File, Format Version 12.00
# Visual Studio Version 16
VisualStudioVersion = 16.0.32602.291
MinimumVisualStudioVersion = 10.0.40219.1
Project("{FAE04EC0-301F-11D3-BF4B-00C04F79EFBC}") = "WebERP", "WebERP\WebERP.csproj", "{97591AC3-C4E5-43A4-87D9-1E780CD94A24}"
EndProject
Global
	GlobalSection(SolutionConfigurationPlatforms) = preSolution
		Debug|Any CPU = Debug|Any CPU
		Release|Any CPU = Release|Any CPU
	EndGlobalSection
	GlobalSection(ProjectConfigurationPlatforms) = postSolution
		{97591AC3-C4E5-43A4-87D9-1E780CD94A24}.Debug|Any CPU.ActiveCfg = Debug|Any CPU
		{97591AC3-C4E5-43A4-87D9-1E780CD94A24}.Debug|Any CPU.Build.0 = Debug|Any CPU
		{97591AC3-C4E5-43A4-87D9-1E780CD94A24}.Release|Any CPU.ActiveCfg = Release|Any CPU
		{97591AC3-C4E5-43A4-87D9-1E780CD94A24}.Release|Any CPU.Build.0 = Release|Any CPU
	EndGlobalSection
	GlobalSection(SolutionProperties) = preSolution
		HideSolutionNode = FALSE
	EndGlobalSection
	GlobalSection(ExtensibilityGlobals) = postSolution
		SolutionGuid = {95511A39-314C-44CF-91D8-7292C84E6EF9}
	EndGlobalSection
EndGlobal
